
Microsoft Visual Studio Solution File, Format Version 12.00
# Visual Studio Version 16
VisualStudioVersion = 16.0.31321.278
MinimumVisualStudioVersion = 10.0.40219.1
Project("{FAE04EC0-301F-11D3-BF4B-00C04F79EFBC}") = "Demo.Api", "Demo.Api\Demo.Api.csproj", "{F16A6DEB-816A-4FB9-8DC4-639820B81524}"
EndProject
Project("{FAE04EC0-301F-11D3-BF4B-00C04F79EFBC}") = "Demo.Domain", "Demo.Domain\Demo.Domain.csproj", "{B0EFAD9B-B48D-4C2C-B4F7-56C542B14751}"
EndProject
Project("{FAE04EC0-301F-11D3-BF4B-00C04F79EFBC}") = "Demo.Infra", "Demo.Infra\Demo.Infra.csproj", "{F3A3128E-BC66-4BD4-BE33-AD63B25F5AE4}"
EndProject
Global
	GlobalSection(SolutionConfigurationPlatforms) = preSolution
		Debug|Any CPU = Debug|Any CPU
		Release|Any CPU = Release|Any CPU
	EndGlobalSection
	GlobalSection(ProjectConfigurationPlatforms) = postSolution
		{F16A6DEB-816A-4FB9-8DC4-639820B81524}.Debug|Any CPU.ActiveCfg = Debug|Any CPU
		{F16A6DEB-816A-4FB9-8DC4-639820B81524}.Debug|Any CPU.Build.0 = Debug|Any CPU
		{F16A6DEB-816A-4FB9-8DC4-639820B81524}.Release|Any CPU.ActiveCfg = Release|Any CPU
		{F16A6DEB-816A-4FB9-8DC4-639820B81524}.Release|Any CPU.Build.0 = Release|Any CPU
		{B0EFAD9B-B48D-4C2C-B4F7-56C542B14751}.Debug|Any CPU.ActiveCfg = Debug|Any CPU
		{B0EFAD9B-B48D-4C2C-B4F7-56C542B14751}.Debug|Any CPU.Build.0 = Debug|Any CPU
		{B0EFAD9B-B48D-4C2C-B4F7-56C542B14751}.Release|Any CPU.ActiveCfg = Release|Any CPU
		{B0EFAD9B-B48D-4C2C-B4F7-56C542B14751}.Release|Any CPU.Build.0 = Release|Any CPU
		{F3A3128E-BC66-4BD4-BE33-AD63B25F5AE4}.Debug|Any CPU.ActiveCfg = Debug|Any CPU
		{F3A3128E-BC66-4BD4-BE33-AD63B25F5AE4}.Debug|Any CPU.Build.0 = Debug|Any CPU
		{F3A3128E-BC66-4BD4-BE33-AD63B25F5AE4}.Release|Any CPU.ActiveCfg = Release|Any CPU
		{F3A3128E-BC66-4BD4-BE33-AD63B25F5AE4}.Release|Any CPU.Build.0 = Release|Any CPU
	EndGlobalSection
	GlobalSection(SolutionProperties) = preSolution
		HideSolutionNode = FALSE
	EndGlobalSection
	GlobalSection(ExtensibilityGlobals) = postSolution
		SolutionGuid = {C3565677-FFCE-4AAB-AAC6-2A94F9F4FDCE}
	EndGlobalSection
EndGlobal
